
Microsoft Visual Studio Solution File, Format Version 12.00
# Visual Studio Version 16
VisualStudioVersion = 16.0.29306.81
MinimumVisualStudioVersion = 10.0.40219.1
Project("{9A19103F-16F7-4668-BE54-9A1E7A4F7556}") = "SecurityLearning.IDP", "SecurityLearning.IDP\SecurityLearning.IDP.csproj", "{2817AE01-E1DC-4C73-AF8B-4CE8D29B4131}"
EndProject
Project("{9A19103F-16F7-4668-BE54-9A1E7A4F7556}") = "SecurityLearning.Client", "SecurityLearning.Client\SecurityLearning.Client.csproj", "{A5340794-EEC8-4AEF-8298-71A5E2517B34}"
EndProject
Project("{FAE04EC0-301F-11D3-BF4B-00C04F79EFBC}") = "SecurityLearning.API", "SecurityLearning.API\SecurityLearning.API.csproj", "{F8D2AD78-73AD-4651-81CD-42B14728025E}"
EndProject
Global
	GlobalSection(SolutionConfigurationPlatforms) = preSolution
		Debug|Any CPU = Debug|Any CPU
		Release|Any CPU = Release|Any CPU
	EndGlobalSection
	GlobalSection(ProjectConfigurationPlatforms) = postSolution
		{2817AE01-E1DC-4C73-AF8B-4CE8D29B4131}.Debug|Any CPU.ActiveCfg = Debug|Any CPU
		{2817AE01-E1DC-4C73-AF8B-4CE8D29B4131}.Debug|Any CPU.Build.0 = Debug|Any CPU
		{2817AE01-E1DC-4C73-AF8B-4CE8D29B4131}.Release|Any CPU.ActiveCfg = Release|Any CPU
		{2817AE01-E1DC-4C73-AF8B-4CE8D29B4131}.Release|Any CPU.Build.0 = Release|Any CPU
		{A5340794-EEC8-4AEF-8298-71A5E2517B34}.Debug|Any CPU.ActiveCfg = Debug|Any CPU
		{A5340794-EEC8-4AEF-8298-71A5E2517B34}.Debug|Any CPU.Build.0 = Debug|Any CPU
		{A5340794-EEC8-4AEF-8298-71A5E2517B34}.Release|Any CPU.ActiveCfg = Release|Any CPU
		{A5340794-EEC8-4AEF-8298-71A5E2517B34}.Release|Any CPU.Build.0 = Release|Any CPU
		{F8D2AD78-73AD-4651-81CD-42B14728025E}.Debug|Any CPU.ActiveCfg = Debug|Any CPU
		{F8D2AD78-73AD-4651-81CD-42B14728025E}.Debug|Any CPU.Build.0 = Debug|Any CPU
		{F8D2AD78-73AD-4651-81CD-42B14728025E}.Release|Any CPU.ActiveCfg = Release|Any CPU
		{F8D2AD78-73AD-4651-81CD-42B14728025E}.Release|Any CPU.Build.0 = Release|Any CPU
	EndGlobalSection
	GlobalSection(SolutionProperties) = preSolution
		HideSolutionNode = FALSE
	EndGlobalSection
	GlobalSection(ExtensibilityGlobals) = postSolution
		SolutionGuid = {BE3E7E16-231D-4AEB-A760-1F5F884EE474}
	EndGlobalSection
EndGlobal
